// !$*UTF8*$!
{
	archiveVersion = 1;
	classes = {
	};
	objectVersion = 56;
	objects = {

/* Begin PBXBuildFile section */
		5103C66A2BE0E397009CFCB7 /* AuthorizationModel.swift in Sources */ = {isa = PBXBuildFile; fileRef = 5103C6692BE0E397009CFCB7 /* AuthorizationModel.swift */; };
		5103C66D2BE0E3B2009CFCB7 /* AuthorizationModelProtocol.swift in Sources */ = {isa = PBXBuildFile; fileRef = 5103C66C2BE0E3B2009CFCB7 /* AuthorizationModelProtocol.swift */; };
		5103C6712BE0EC27009CFCB7 /* KeyChainService.swift in Sources */ = {isa = PBXBuildFile; fileRef = 5103C6702BE0EC27009CFCB7 /* KeyChainService.swift */; };
		511104A62C0DCCC8005E13AE /* Subscription.swift in Sources */ = {isa = PBXBuildFile; fileRef = 511104A52C0DCCC8005E13AE /* Subscription.swift */; };
		511104A82C0DCD8B005E13AE /* SubscriptionPlan.swift in Sources */ = {isa = PBXBuildFile; fileRef = 511104A72C0DCD8B005E13AE /* SubscriptionPlan.swift */; };
		511104B02C0ECF33005E13AE /* SubscriptionService.swift in Sources */ = {isa = PBXBuildFile; fileRef = 511104AF2C0ECF33005E13AE /* SubscriptionService.swift */; };
		511104B22C0EE6A0005E13AE /* SubscriptionServiceProtocol.swift in Sources */ = {isa = PBXBuildFile; fileRef = 511104B12C0EE6A0005E13AE /* SubscriptionServiceProtocol.swift */; };
		511104B42C0F17C7005E13AE /* Localizable.xcstrings in Resources */ = {isa = PBXBuildFile; fileRef = 511104B32C0F17C7005E13AE /* Localizable.xcstrings */; };
		511104B62C0F25E8005E13AE /* AnswerInputView.swift in Sources */ = {isa = PBXBuildFile; fileRef = 511104B52C0F25E8005E13AE /* AnswerInputView.swift */; };
		511104B82C0F6F13005E13AE /* FeedbackAnswerCreate.swift in Sources */ = {isa = PBXBuildFile; fileRef = 511104B72C0F6F13005E13AE /* FeedbackAnswerCreate.swift */; };
		511104BC2C10528B005E13AE /* UserService.swift in Sources */ = {isa = PBXBuildFile; fileRef = 511104BB2C10528B005E13AE /* UserService.swift */; };
		511104BE2C105297005E13AE /* UserServiceProtocol.swift in Sources */ = {isa = PBXBuildFile; fileRef = 511104BD2C105297005E13AE /* UserServiceProtocol.swift */; };
		511104C22C1068E1005E13AE /* UserError.swift in Sources */ = {isa = PBXBuildFile; fileRef = 511104C12C1068E1005E13AE /* UserError.swift */; };
		51253A212BEE2B6800106D57 /* KeyChainServiceProtocol.swift in Sources */ = {isa = PBXBuildFile; fileRef = 51253A202BEE2B6800106D57 /* KeyChainServiceProtocol.swift */; };
		51253A402BEF489300106D57 /* MenuTableViewCellDelegate.swift in Sources */ = {isa = PBXBuildFile; fileRef = 51253A3F2BEF489300106D57 /* MenuTableViewCellDelegate.swift */; };
		51253A422BEF56FF00106D57 /* PlaceOrder.swift in Sources */ = {isa = PBXBuildFile; fileRef = 51253A412BEF56FF00106D57 /* PlaceOrder.swift */; };
		51280B7E2BD8F6EA00FD0271 /* SearchVC.swift in Sources */ = {isa = PBXBuildFile; fileRef = 51280B7D2BD8F6EA00FD0271 /* SearchVC.swift */; };
		51280B802BD8F71400FD0271 /* SearchView.swift in Sources */ = {isa = PBXBuildFile; fileRef = 51280B7F2BD8F71400FD0271 /* SearchView.swift */; };
		512D00562BD6B3DB0057D696 /* NameChecker.swift in Sources */ = {isa = PBXBuildFile; fileRef = 512D00552BD6B3DB0057D696 /* NameChecker.swift */; };
		512D00582BD6C1EF0057D696 /* Inter-VariableFont.ttf in Resources */ = {isa = PBXBuildFile; fileRef = 512D00572BD6C1EF0057D696 /* Inter-VariableFont.ttf */; };
		512D005A2BD769CB0057D696 /* RestaurantsModel.swift in Sources */ = {isa = PBXBuildFile; fileRef = 512D00592BD769CB0057D696 /* RestaurantsModel.swift */; };
		512D005C2BD769EE0057D696 /* RestaurantsModelProtocol.swift in Sources */ = {isa = PBXBuildFile; fileRef = 512D005B2BD769EE0057D696 /* RestaurantsModelProtocol.swift */; };
		512D00622BD7892F0057D696 /* ProfileModel.swift in Sources */ = {isa = PBXBuildFile; fileRef = 512D00612BD7892F0057D696 /* ProfileModel.swift */; };
		512D00652BD7894F0057D696 /* ProfileModelProtocol.swift in Sources */ = {isa = PBXBuildFile; fileRef = 512D00642BD7894F0057D696 /* ProfileModelProtocol.swift */; };
		512D00692BD7AAAD0057D696 /* EditProfileView.swift in Sources */ = {isa = PBXBuildFile; fileRef = 512D00682BD7AAAD0057D696 /* EditProfileView.swift */; };
		512D006B2BD7AB830057D696 /* EditProfileVC.swift in Sources */ = {isa = PBXBuildFile; fileRef = 512D006A2BD7AB830057D696 /* EditProfileVC.swift */; };
		512D006D2BD803150057D696 /* AlertPresenter.swift in Sources */ = {isa = PBXBuildFile; fileRef = 512D006C2BD803150057D696 /* AlertPresenter.swift */; };
		5133893D2C12D4E900F545AE /* SubscriptionModelProtocol.swift in Sources */ = {isa = PBXBuildFile; fileRef = 5133893C2C12D4E900F545AE /* SubscriptionModelProtocol.swift */; };
		5133893F2C12D4FA00F545AE /* SubscriptionModel.swift in Sources */ = {isa = PBXBuildFile; fileRef = 5133893E2C12D4FA00F545AE /* SubscriptionModel.swift */; };
		5138299D2BCD747800AA4878 /* ResetPasswordView.swift in Sources */ = {isa = PBXBuildFile; fileRef = 5138299C2BCD747800AA4878 /* ResetPasswordView.swift */; };
		5138299F2BCD74AB00AA4878 /* ResetPasswordVC.swift in Sources */ = {isa = PBXBuildFile; fileRef = 5138299E2BCD74AB00AA4878 /* ResetPasswordVC.swift */; };
		513829A22BCD90D500AA4878 /* OneTimeCodeVC.swift in Sources */ = {isa = PBXBuildFile; fileRef = 513829A12BCD90D500AA4878 /* OneTimeCodeVC.swift */; };
		513829A42BCD90F800AA4878 /* OneTimeCodeView.swift in Sources */ = {isa = PBXBuildFile; fileRef = 513829A32BCD90F800AA4878 /* OneTimeCodeView.swift */; };
		513B6CC12BCF987E0006DD25 /* EmailChecker.swift in Sources */ = {isa = PBXBuildFile; fileRef = 513B6CC02BCF987E0006DD25 /* EmailChecker.swift */; };
		513B6CC32BCF98D10006DD25 /* PasswordChecker.swift in Sources */ = {isa = PBXBuildFile; fileRef = 513B6CC22BCF98D10006DD25 /* PasswordChecker.swift */; };
		513B6CC62BCF9F750006DD25 /* NewPasswordVC.swift in Sources */ = {isa = PBXBuildFile; fileRef = 513B6CC52BCF9F750006DD25 /* NewPasswordVC.swift */; };
		513B6CC82BCF9F950006DD25 /* NewPasswordView.swift in Sources */ = {isa = PBXBuildFile; fileRef = 513B6CC72BCF9F950006DD25 /* NewPasswordView.swift */; };
		513B6CF02BD02CA90006DD25 /* MainTabBarController.swift in Sources */ = {isa = PBXBuildFile; fileRef = 513B6CEF2BD02CA90006DD25 /* MainTabBarController.swift */; };
		513B6CF42BD16E230006DD25 /* ScannerVC.swift in Sources */ = {isa = PBXBuildFile; fileRef = 513B6CF32BD16E230006DD25 /* ScannerVC.swift */; };
		513B6CF72BD16E4A0006DD25 /* RestaurantsVC.swift in Sources */ = {isa = PBXBuildFile; fileRef = 513B6CF62BD16E4A0006DD25 /* RestaurantsVC.swift */; };
		513B6CF92BD16E650006DD25 /* ProfileVC.swift in Sources */ = {isa = PBXBuildFile; fileRef = 513B6CF82BD16E650006DD25 /* ProfileVC.swift */; };
		513B6CFB2BD16E880006DD25 /* RestaurantsView.swift in Sources */ = {isa = PBXBuildFile; fileRef = 513B6CFA2BD16E880006DD25 /* RestaurantsView.swift */; };
		513B6CFD2BD16EA60006DD25 /* ProfileView.swift in Sources */ = {isa = PBXBuildFile; fileRef = 513B6CFC2BD16EA60006DD25 /* ProfileView.swift */; };
		5148B90F2BD3E7E800659D73 /* LogInDelegate.swift in Sources */ = {isa = PBXBuildFile; fileRef = 5148B90E2BD3E7E800659D73 /* LogInDelegate.swift */; };
		5148B9112BD3E82600659D73 /* LogOutDelegate.swift in Sources */ = {isa = PBXBuildFile; fileRef = 5148B9102BD3E82600659D73 /* LogOutDelegate.swift */; };
		5148B9132BD3F87B00659D73 /* UIWindow+Navigation.swift in Sources */ = {isa = PBXBuildFile; fileRef = 5148B9122BD3F87B00659D73 /* UIWindow+Navigation.swift */; };
		5148B92B2BD40E8600659D73 /* Constraints.swift in Sources */ = {isa = PBXBuildFile; fileRef = 5148B92A2BD40E8600659D73 /* Constraints.swift */; };
		5148B95A2BD61C8300659D73 /* RestaurantsResponse.swift in Sources */ = {isa = PBXBuildFile; fileRef = 5148B9592BD61C8300659D73 /* RestaurantsResponse.swift */; };
		5148B95C2BD6201200659D73 /* RestaurantsTableViewCell.swift in Sources */ = {isa = PBXBuildFile; fileRef = 5148B95B2BD6201200659D73 /* RestaurantsTableViewCell.swift */; };
		5150BA172C1437F000895045 /* SubscriptionPlansVC.swift in Sources */ = {isa = PBXBuildFile; fileRef = 5150BA162C1437F000895045 /* SubscriptionPlansVC.swift */; };
		5150BA192C14389800895045 /* SubscriptionPlansView.swift in Sources */ = {isa = PBXBuildFile; fileRef = 5150BA182C14389800895045 /* SubscriptionPlansView.swift */; };
		5150BA1B2C143B5200895045 /* SubscriptionPlanTableViewCell.swift in Sources */ = {isa = PBXBuildFile; fileRef = 5150BA1A2C143B5200895045 /* SubscriptionPlanTableViewCell.swift */; };
		5150BA1D2C158A2600895045 /* Payment.swift in Sources */ = {isa = PBXBuildFile; fileRef = 5150BA1C2C158A2600895045 /* Payment.swift */; };
		5150BA202C158C4B00895045 /* PaymentVC.swift in Sources */ = {isa = PBXBuildFile; fileRef = 5150BA1F2C158C4B00895045 /* PaymentVC.swift */; };
		515178302C04676000EAFFA4 /* MenuTabCollectionViewCell.swift in Sources */ = {isa = PBXBuildFile; fileRef = 5151782F2C04676000EAFFA4 /* MenuTabCollectionViewCell.swift */; };
		515178572C04CABB00EAFFA4 /* FeedbackTableViewCell.swift in Sources */ = {isa = PBXBuildFile; fileRef = 515178562C04CABB00EAFFA4 /* FeedbackTableViewCell.swift */; };
		5151785D2C0594DA00EAFFA4 /* LeaveFeedbackTableViewCell.swift in Sources */ = {isa = PBXBuildFile; fileRef = 5151785C2C0594DA00EAFFA4 /* LeaveFeedbackTableViewCell.swift */; };
		5151785F2C05A37600EAFFA4 /* FeedbackResponse.swift in Sources */ = {isa = PBXBuildFile; fileRef = 5151785E2C05A37600EAFFA4 /* FeedbackResponse.swift */; };
		515178622C05BD7700EAFFA4 /* LeaveFeedbackVC.swift in Sources */ = {isa = PBXBuildFile; fileRef = 515178612C05BD7700EAFFA4 /* LeaveFeedbackVC.swift */; };
		515178642C05BD8D00EAFFA4 /* LeaveFeedbackView.swift in Sources */ = {isa = PBXBuildFile; fileRef = 515178632C05BD8D00EAFFA4 /* LeaveFeedbackView.swift */; };
		515178662C05D20000EAFFA4 /* SendFeedback.swift in Sources */ = {isa = PBXBuildFile; fileRef = 515178652C05D20000EAFFA4 /* SendFeedback.swift */; };
		515178692C062E1B00EAFFA4 /* FeedbackView.swift in Sources */ = {isa = PBXBuildFile; fileRef = 515178682C062E1B00EAFFA4 /* FeedbackView.swift */; };
		5151786B2C06311000EAFFA4 /* FeedbackVC.swift in Sources */ = {isa = PBXBuildFile; fileRef = 5151786A2C06311000EAFFA4 /* FeedbackVC.swift */; };
		5151786D2C06E23600EAFFA4 /* FeedbackHeaderView.swift in Sources */ = {isa = PBXBuildFile; fileRef = 5151786C2C06E23500EAFFA4 /* FeedbackHeaderView.swift */; };
		515178702C06E93000EAFFA4 /* FeedbackAnswersResponse.swift in Sources */ = {isa = PBXBuildFile; fileRef = 5151786F2C06E93000EAFFA4 /* FeedbackAnswersResponse.swift */; };
		515178722C06F68F00EAFFA4 /* FeedbackAnswerTableViewCell.swift in Sources */ = {isa = PBXBuildFile; fileRef = 515178712C06F68F00EAFFA4 /* FeedbackAnswerTableViewCell.swift */; };
		515CE3652BDB87D60032364D /* BeverageTableViewCell.swift in Sources */ = {isa = PBXBuildFile; fileRef = 515CE3642BDB87D60032364D /* BeverageTableViewCell.swift */; };
		515CE3682BDB91960032364D /* SearchViewDelegate.swift in Sources */ = {isa = PBXBuildFile; fileRef = 515CE3672BDB91960032364D /* SearchViewDelegate.swift */; };
		515CE36A2BDB92130032364D /* SearchMode.swift in Sources */ = {isa = PBXBuildFile; fileRef = 515CE3692BDB92130032364D /* SearchMode.swift */; };
		515DCCBD2C21CCF600A0408D /* README.md in Resources */ = {isa = PBXBuildFile; fileRef = 515DCCBC2C21CCF600A0408D /* README.md */; };
		515EF0512BDFE574008795BA /* NetworkServiceProtocol.swift in Sources */ = {isa = PBXBuildFile; fileRef = 515EF0502BDFE574008795BA /* NetworkServiceProtocol.swift */; };
		516AD57F2BF483EB00F26B32 /* RestaurantAnnotation.swift in Sources */ = {isa = PBXBuildFile; fileRef = 516AD57E2BF483EB00F26B32 /* RestaurantAnnotation.swift */; };
		516AD5812BF494AA00F26B32 /* RestaurantMarkerView.swift in Sources */ = {isa = PBXBuildFile; fileRef = 516AD5802BF494AA00F26B32 /* RestaurantMarkerView.swift */; };
		516C20282BE8DF1500FCBFB1 /* String.swift in Sources */ = {isa = PBXBuildFile; fileRef = 516C20272BE8DF1500FCBFB1 /* String.swift */; };
		516C202A2BE8E92100FCBFB1 /* OTC.swift in Sources */ = {isa = PBXBuildFile; fileRef = 516C20292BE8E92100FCBFB1 /* OTC.swift */; };
		516C202C2BE8EDE400FCBFB1 /* NewPassword.swift in Sources */ = {isa = PBXBuildFile; fileRef = 516C202B2BE8EDE400FCBFB1 /* NewPassword.swift */; };
		516C202F2BE9E0C700FCBFB1 /* MenuVC.swift in Sources */ = {isa = PBXBuildFile; fileRef = 516C202E2BE9E0C700FCBFB1 /* MenuVC.swift */; };
		516C20312BE9E0F300FCBFB1 /* MenuView.swift in Sources */ = {isa = PBXBuildFile; fileRef = 516C20302BE9E0F300FCBFB1 /* MenuView.swift */; };
		518461462BFB01B2001C02B6 /* BeverageVC.swift in Sources */ = {isa = PBXBuildFile; fileRef = 518461452BFB01B2001C02B6 /* BeverageVC.swift */; };
		518461482BFB01DB001C02B6 /* BeverageView.swift in Sources */ = {isa = PBXBuildFile; fileRef = 518461472BFB01DB001C02B6 /* BeverageView.swift */; };
		5184614C2BFD063C001C02B6 /* OrdersView.swift in Sources */ = {isa = PBXBuildFile; fileRef = 5184614B2BFD063C001C02B6 /* OrdersView.swift */; };
		5184614E2BFD0652001C02B6 /* OrdersVC.swift in Sources */ = {isa = PBXBuildFile; fileRef = 5184614D2BFD0652001C02B6 /* OrdersVC.swift */; };
		518461512BFD0693001C02B6 /* OrdersModelProtocol.swift in Sources */ = {isa = PBXBuildFile; fileRef = 518461502BFD0693001C02B6 /* OrdersModelProtocol.swift */; };
		518461532BFD06A2001C02B6 /* OrdersModel.swift in Sources */ = {isa = PBXBuildFile; fileRef = 518461522BFD06A2001C02B6 /* OrdersModel.swift */; };
		518461562BFDA42A001C02B6 /* OrderTableViewCell.swift in Sources */ = {isa = PBXBuildFile; fileRef = 518461552BFDA42A001C02B6 /* OrderTableViewCell.swift */; };
		518461582BFDA56B001C02B6 /* OrdersResponse.swift in Sources */ = {isa = PBXBuildFile; fileRef = 518461572BFDA56B001C02B6 /* OrdersResponse.swift */; };
		5184616D2BFE0623001C02B6 /* StatusLabel.swift in Sources */ = {isa = PBXBuildFile; fileRef = 5184616C2BFE0623001C02B6 /* StatusLabel.swift */; };
		518B1E6E2BE9FA4F004F203F /* RestaurantHeaderView.swift in Sources */ = {isa = PBXBuildFile; fileRef = 518B1E6D2BE9FA4F004F203F /* RestaurantHeaderView.swift */; };
		518B1E712BEA29D8004F203F /* MenuModel.swift in Sources */ = {isa = PBXBuildFile; fileRef = 518B1E702BEA29D7004F203F /* MenuModel.swift */; };
		518B1E742BEA29F1004F203F /* MenuModelProtocol.swift in Sources */ = {isa = PBXBuildFile; fileRef = 518B1E732BEA29F1004F203F /* MenuModelProtocol.swift */; };
		518B1E762BEA3E93004F203F /* BeverageResponse.swift in Sources */ = {isa = PBXBuildFile; fileRef = 518B1E752BEA3E93004F203F /* BeverageResponse.swift */; };
		518B1E782BEA4476004F203F /* MenuTableViewCell.swift in Sources */ = {isa = PBXBuildFile; fileRef = 518B1E772BEA4476004F203F /* MenuTableViewCell.swift */; };
		518B1E9C2BEB8426004F203F /* AuthService.swift in Sources */ = {isa = PBXBuildFile; fileRef = 518B1E9B2BEB8426004F203F /* AuthService.swift */; };
		518B1E9E2BEBCA58004F203F /* AuthError.swift in Sources */ = {isa = PBXBuildFile; fileRef = 518B1E9D2BEBCA58004F203F /* AuthError.swift */; };
		518B1EA12BEBD453004F203F /* AuthServiceProtocol.swift in Sources */ = {isa = PBXBuildFile; fileRef = 518B1EA02BEBD453004F203F /* AuthServiceProtocol.swift */; };
		518B1EA32BECAEB4004F203F /* AuthServiceDelegate.swift in Sources */ = {isa = PBXBuildFile; fileRef = 518B1EA22BECAEB4004F203F /* AuthServiceDelegate.swift */; };
		519ECCFE2BDF9CB8004BF955 /* NetworkService.swift in Sources */ = {isa = PBXBuildFile; fileRef = 519ECCFD2BDF9CB8004BF955 /* NetworkService.swift */; };
		51AACDFB2BF337E0008CD997 /* SearchModelProtocol.swift in Sources */ = {isa = PBXBuildFile; fileRef = 51AACDFA2BF337E0008CD997 /* SearchModelProtocol.swift */; };
		51AACDFD2BF337F3008CD997 /* SearchModel.swift in Sources */ = {isa = PBXBuildFile; fileRef = 51AACDFC2BF337F3008CD997 /* SearchModel.swift */; };
		51AC3B132BE3EEBD0021F505 /* CreateUser.swift in Sources */ = {isa = PBXBuildFile; fileRef = 51AC3B122BE3EEBD0021F505 /* CreateUser.swift */; };
		51AC3B152BE3F8300021F505 /* CreateUserResponse.swift in Sources */ = {isa = PBXBuildFile; fileRef = 51AC3B142BE3F8300021F505 /* CreateUserResponse.swift */; };
		51AC3B172BE49B460021F505 /* RefreshToken.swift in Sources */ = {isa = PBXBuildFile; fileRef = 51AC3B162BE49B460021F505 /* RefreshToken.swift */; };
		51AC3B1B2BE698670021F505 /* User.swift in Sources */ = {isa = PBXBuildFile; fileRef = 51AC3B1A2BE698670021F505 /* User.swift */; };
		51B329652BC64C6300D7ADFB /* SignInView.swift in Sources */ = {isa = PBXBuildFile; fileRef = 51B329642BC64C6300D7ADFB /* SignInView.swift */; };
		51B329742BC68BC000D7ADFB /* AuthScreenView.swift in Sources */ = {isa = PBXBuildFile; fileRef = 51B329732BC68BC000D7ADFB /* AuthScreenView.swift */; };
		51B329762BC6B8DF00D7ADFB /* CommonButton.swift in Sources */ = {isa = PBXBuildFile; fileRef = 51B329752BC6B8DF00D7ADFB /* CommonButton.swift */; };
		51B3297C2BC90D7400D7ADFB /* SignUpStackView.swift in Sources */ = {isa = PBXBuildFile; fileRef = 51B3297B2BC90D7400D7ADFB /* SignUpStackView.swift */; };
		51B3297E2BC9138600D7ADFB /* SignUpStackViewDelegate.swift in Sources */ = {isa = PBXBuildFile; fileRef = 51B3297D2BC9138600D7ADFB /* SignUpStackViewDelegate.swift */; };
		51B329822BC9869600D7ADFB /* CommonTextField.swift in Sources */ = {isa = PBXBuildFile; fileRef = 51B329812BC9869600D7ADFB /* CommonTextField.swift */; };
		51B329842BCA686D00D7ADFB /* SignUpView.swift in Sources */ = {isa = PBXBuildFile; fileRef = 51B329832BCA686D00D7ADFB /* SignUpView.swift */; };
		51B5B0F02BC43E9A0096DB8B /* SignUpVC.swift in Sources */ = {isa = PBXBuildFile; fileRef = 51B5B0EF2BC43E9A0096DB8B /* SignUpVC.swift */; };
		51BC17632BE3A3A90095C104 /* LogIn.swift in Sources */ = {isa = PBXBuildFile; fileRef = 51BC17622BE3A3A90095C104 /* LogIn.swift */; };
		51BC17652BE3A53D0095C104 /* Tokens.swift in Sources */ = {isa = PBXBuildFile; fileRef = 51BC17642BE3A53D0095C104 /* Tokens.swift */; };
		51CE539E2BDE52EA001A5112 /* NothingFoundStateView.swift in Sources */ = {isa = PBXBuildFile; fileRef = 51CE539D2BDE52EA001A5112 /* NothingFoundStateView.swift */; };
		51CF885E2BC3B8D800196E8A /* AppDelegate.swift in Sources */ = {isa = PBXBuildFile; fileRef = 51CF885D2BC3B8D800196E8A /* AppDelegate.swift */; };
		51CF88602BC3B8D800196E8A /* SceneDelegate.swift in Sources */ = {isa = PBXBuildFile; fileRef = 51CF885F2BC3B8D800196E8A /* SceneDelegate.swift */; };
		51CF88622BC3B8D800196E8A /* SignInVC.swift in Sources */ = {isa = PBXBuildFile; fileRef = 51CF88612BC3B8D800196E8A /* SignInVC.swift */; };
		51CF88672BC3B8D900196E8A /* Assets.xcassets in Resources */ = {isa = PBXBuildFile; fileRef = 51CF88662BC3B8D900196E8A /* Assets.xcassets */; };
		51CF886A2BC3B8D900196E8A /* Base in Resources */ = {isa = PBXBuildFile; fileRef = 51CF88692BC3B8D900196E8A /* Base */; };
		51CF88722BC3B93000196E8A /* .gitignore in Resources */ = {isa = PBXBuildFile; fileRef = 51CF88712BC3B93000196E8A /* .gitignore */; };
		51DE3F462C175027008D8CC1 /* FreeTrial.swift in Sources */ = {isa = PBXBuildFile; fileRef = 51DE3F452C175027008D8CC1 /* FreeTrial.swift */; };
		51DE3F482C18071E008D8CC1 /* SubscriptionPlanBasicTableViewCell.swift in Sources */ = {isa = PBXBuildFile; fileRef = 51DE3F472C18071E008D8CC1 /* SubscriptionPlanBasicTableViewCell.swift */; };
		51EEC06C2BE391C100780019 /* APIError.swift in Sources */ = {isa = PBXBuildFile; fileRef = 51EEC06B2BE391C100780019 /* APIError.swift */; };
/* End PBXBuildFile section */

/* Begin PBXFileReference section */
		5103C6692BE0E397009CFCB7 /* AuthorizationModel.swift */ = {isa = PBXFileReference; lastKnownFileType = sourcecode.swift; path = AuthorizationModel.swift; sourceTree = "<group>"; };
		5103C66C2BE0E3B2009CFCB7 /* AuthorizationModelProtocol.swift */ = {isa = PBXFileReference; lastKnownFileType = sourcecode.swift; path = AuthorizationModelProtocol.swift; sourceTree = "<group>"; };
		5103C6702BE0EC27009CFCB7 /* KeyChainService.swift */ = {isa = PBXFileReference; lastKnownFileType = sourcecode.swift; path = KeyChainService.swift; sourceTree = "<group>"; };
		511104A52C0DCCC8005E13AE /* Subscription.swift */ = {isa = PBXFileReference; lastKnownFileType = sourcecode.swift; path = Subscription.swift; sourceTree = "<group>"; };
		511104A72C0DCD8B005E13AE /* SubscriptionPlan.swift */ = {isa = PBXFileReference; lastKnownFileType = sourcecode.swift; path = SubscriptionPlan.swift; sourceTree = "<group>"; };
		511104AF2C0ECF33005E13AE /* SubscriptionService.swift */ = {isa = PBXFileReference; lastKnownFileType = sourcecode.swift; path = SubscriptionService.swift; sourceTree = "<group>"; };
		511104B12C0EE6A0005E13AE /* SubscriptionServiceProtocol.swift */ = {isa = PBXFileReference; lastKnownFileType = sourcecode.swift; path = SubscriptionServiceProtocol.swift; sourceTree = "<group>"; };
		511104B32C0F17C7005E13AE /* Localizable.xcstrings */ = {isa = PBXFileReference; lastKnownFileType = text.json.xcstrings; path = Localizable.xcstrings; sourceTree = "<group>"; };
		511104B52C0F25E8005E13AE /* AnswerInputView.swift */ = {isa = PBXFileReference; lastKnownFileType = sourcecode.swift; path = AnswerInputView.swift; sourceTree = "<group>"; };
		511104B72C0F6F13005E13AE /* FeedbackAnswerCreate.swift */ = {isa = PBXFileReference; lastKnownFileType = sourcecode.swift; path = FeedbackAnswerCreate.swift; sourceTree = "<group>"; };
		511104BB2C10528B005E13AE /* UserService.swift */ = {isa = PBXFileReference; lastKnownFileType = sourcecode.swift; path = UserService.swift; sourceTree = "<group>"; };
		511104BD2C105297005E13AE /* UserServiceProtocol.swift */ = {isa = PBXFileReference; lastKnownFileType = sourcecode.swift; path = UserServiceProtocol.swift; sourceTree = "<group>"; };
		511104C12C1068E1005E13AE /* UserError.swift */ = {isa = PBXFileReference; lastKnownFileType = sourcecode.swift; path = UserError.swift; sourceTree = "<group>"; };
		51253A202BEE2B6800106D57 /* KeyChainServiceProtocol.swift */ = {isa = PBXFileReference; lastKnownFileType = sourcecode.swift; path = KeyChainServiceProtocol.swift; sourceTree = "<group>"; };
		51253A3F2BEF489300106D57 /* MenuTableViewCellDelegate.swift */ = {isa = PBXFileReference; lastKnownFileType = sourcecode.swift; path = MenuTableViewCellDelegate.swift; sourceTree = "<group>"; };
		51253A412BEF56FF00106D57 /* PlaceOrder.swift */ = {isa = PBXFileReference; lastKnownFileType = sourcecode.swift; path = PlaceOrder.swift; sourceTree = "<group>"; };
		51280B7D2BD8F6EA00FD0271 /* SearchVC.swift */ = {isa = PBXFileReference; lastKnownFileType = sourcecode.swift; path = SearchVC.swift; sourceTree = "<group>"; };
		51280B7F2BD8F71400FD0271 /* SearchView.swift */ = {isa = PBXFileReference; lastKnownFileType = sourcecode.swift; path = SearchView.swift; sourceTree = "<group>"; };
		512D00552BD6B3DB0057D696 /* NameChecker.swift */ = {isa = PBXFileReference; lastKnownFileType = sourcecode.swift; path = NameChecker.swift; sourceTree = "<group>"; };
		512D00572BD6C1EF0057D696 /* Inter-VariableFont.ttf */ = {isa = PBXFileReference; lastKnownFileType = file; path = "Inter-VariableFont.ttf"; sourceTree = "<group>"; };
		512D00592BD769CB0057D696 /* RestaurantsModel.swift */ = {isa = PBXFileReference; lastKnownFileType = sourcecode.swift; path = RestaurantsModel.swift; sourceTree = "<group>"; };
		512D005B2BD769EE0057D696 /* RestaurantsModelProtocol.swift */ = {isa = PBXFileReference; lastKnownFileType = sourcecode.swift; path = RestaurantsModelProtocol.swift; sourceTree = "<group>"; };
		512D00612BD7892F0057D696 /* ProfileModel.swift */ = {isa = PBXFileReference; lastKnownFileType = sourcecode.swift; path = ProfileModel.swift; sourceTree = "<group>"; };
		512D00642BD7894F0057D696 /* ProfileModelProtocol.swift */ = {isa = PBXFileReference; lastKnownFileType = sourcecode.swift; path = ProfileModelProtocol.swift; sourceTree = "<group>"; };
		512D00682BD7AAAD0057D696 /* EditProfileView.swift */ = {isa = PBXFileReference; lastKnownFileType = sourcecode.swift; path = EditProfileView.swift; sourceTree = "<group>"; };
		512D006A2BD7AB830057D696 /* EditProfileVC.swift */ = {isa = PBXFileReference; lastKnownFileType = sourcecode.swift; path = EditProfileVC.swift; sourceTree = "<group>"; };
		512D006C2BD803150057D696 /* AlertPresenter.swift */ = {isa = PBXFileReference; lastKnownFileType = sourcecode.swift; path = AlertPresenter.swift; sourceTree = "<group>"; };
		5133893C2C12D4E900F545AE /* SubscriptionModelProtocol.swift */ = {isa = PBXFileReference; lastKnownFileType = sourcecode.swift; path = SubscriptionModelProtocol.swift; sourceTree = "<group>"; };
		5133893E2C12D4FA00F545AE /* SubscriptionModel.swift */ = {isa = PBXFileReference; lastKnownFileType = sourcecode.swift; path = SubscriptionModel.swift; sourceTree = "<group>"; };
		5138299C2BCD747800AA4878 /* ResetPasswordView.swift */ = {isa = PBXFileReference; lastKnownFileType = sourcecode.swift; path = ResetPasswordView.swift; sourceTree = "<group>"; };
		5138299E2BCD74AB00AA4878 /* ResetPasswordVC.swift */ = {isa = PBXFileReference; lastKnownFileType = sourcecode.swift; path = ResetPasswordVC.swift; sourceTree = "<group>"; };
		513829A12BCD90D500AA4878 /* OneTimeCodeVC.swift */ = {isa = PBXFileReference; lastKnownFileType = sourcecode.swift; path = OneTimeCodeVC.swift; sourceTree = "<group>"; };
		513829A32BCD90F800AA4878 /* OneTimeCodeView.swift */ = {isa = PBXFileReference; lastKnownFileType = sourcecode.swift; path = OneTimeCodeView.swift; sourceTree = "<group>"; };
		513B6CC02BCF987E0006DD25 /* EmailChecker.swift */ = {isa = PBXFileReference; lastKnownFileType = sourcecode.swift; path = EmailChecker.swift; sourceTree = "<group>"; };
		513B6CC22BCF98D10006DD25 /* PasswordChecker.swift */ = {isa = PBXFileReference; lastKnownFileType = sourcecode.swift; path = PasswordChecker.swift; sourceTree = "<group>"; };
		513B6CC52BCF9F750006DD25 /* NewPasswordVC.swift */ = {isa = PBXFileReference; lastKnownFileType = sourcecode.swift; path = NewPasswordVC.swift; sourceTree = "<group>"; };
		513B6CC72BCF9F950006DD25 /* NewPasswordView.swift */ = {isa = PBXFileReference; lastKnownFileType = sourcecode.swift; path = NewPasswordView.swift; sourceTree = "<group>"; };
		513B6CEF2BD02CA90006DD25 /* MainTabBarController.swift */ = {isa = PBXFileReference; lastKnownFileType = sourcecode.swift; path = MainTabBarController.swift; sourceTree = "<group>"; };
		513B6CF32BD16E230006DD25 /* ScannerVC.swift */ = {isa = PBXFileReference; lastKnownFileType = sourcecode.swift; path = ScannerVC.swift; sourceTree = "<group>"; };
		513B6CF62BD16E4A0006DD25 /* RestaurantsVC.swift */ = {isa = PBXFileReference; lastKnownFileType = sourcecode.swift; path = RestaurantsVC.swift; sourceTree = "<group>"; };
		513B6CF82BD16E650006DD25 /* ProfileVC.swift */ = {isa = PBXFileReference; lastKnownFileType = sourcecode.swift; path = ProfileVC.swift; sourceTree = "<group>"; };
		513B6CFA2BD16E880006DD25 /* RestaurantsView.swift */ = {isa = PBXFileReference; lastKnownFileType = sourcecode.swift; path = RestaurantsView.swift; sourceTree = "<group>"; };
		513B6CFC2BD16EA60006DD25 /* ProfileView.swift */ = {isa = PBXFileReference; lastKnownFileType = sourcecode.swift; path = ProfileView.swift; sourceTree = "<group>"; };
		5148B90E2BD3E7E800659D73 /* LogInDelegate.swift */ = {isa = PBXFileReference; lastKnownFileType = sourcecode.swift; path = LogInDelegate.swift; sourceTree = "<group>"; };
		5148B9102BD3E82600659D73 /* LogOutDelegate.swift */ = {isa = PBXFileReference; lastKnownFileType = sourcecode.swift; path = LogOutDelegate.swift; sourceTree = "<group>"; };
		5148B9122BD3F87B00659D73 /* UIWindow+Navigation.swift */ = {isa = PBXFileReference; lastKnownFileType = sourcecode.swift; path = "UIWindow+Navigation.swift"; sourceTree = "<group>"; };
		5148B92A2BD40E8600659D73 /* Constraints.swift */ = {isa = PBXFileReference; lastKnownFileType = sourcecode.swift; path = Constraints.swift; sourceTree = "<group>"; };
		5148B9592BD61C8300659D73 /* RestaurantsResponse.swift */ = {isa = PBXFileReference; lastKnownFileType = sourcecode.swift; path = RestaurantsResponse.swift; sourceTree = "<group>"; };
		5148B95B2BD6201200659D73 /* RestaurantsTableViewCell.swift */ = {isa = PBXFileReference; lastKnownFileType = sourcecode.swift; path = RestaurantsTableViewCell.swift; sourceTree = "<group>"; };
		5150BA162C1437F000895045 /* SubscriptionPlansVC.swift */ = {isa = PBXFileReference; lastKnownFileType = sourcecode.swift; path = SubscriptionPlansVC.swift; sourceTree = "<group>"; };
		5150BA182C14389800895045 /* SubscriptionPlansView.swift */ = {isa = PBXFileReference; lastKnownFileType = sourcecode.swift; path = SubscriptionPlansView.swift; sourceTree = "<group>"; };
		5150BA1A2C143B5200895045 /* SubscriptionPlanTableViewCell.swift */ = {isa = PBXFileReference; lastKnownFileType = sourcecode.swift; path = SubscriptionPlanTableViewCell.swift; sourceTree = "<group>"; };
		5150BA1C2C158A2600895045 /* Payment.swift */ = {isa = PBXFileReference; lastKnownFileType = sourcecode.swift; path = Payment.swift; sourceTree = "<group>"; };
		5150BA1F2C158C4B00895045 /* PaymentVC.swift */ = {isa = PBXFileReference; lastKnownFileType = sourcecode.swift; path = PaymentVC.swift; sourceTree = "<group>"; };
		5151782F2C04676000EAFFA4 /* MenuTabCollectionViewCell.swift */ = {isa = PBXFileReference; lastKnownFileType = sourcecode.swift; path = MenuTabCollectionViewCell.swift; sourceTree = "<group>"; };
		515178562C04CABB00EAFFA4 /* FeedbackTableViewCell.swift */ = {isa = PBXFileReference; lastKnownFileType = sourcecode.swift; path = FeedbackTableViewCell.swift; sourceTree = "<group>"; };
		5151785C2C0594DA00EAFFA4 /* LeaveFeedbackTableViewCell.swift */ = {isa = PBXFileReference; lastKnownFileType = sourcecode.swift; path = LeaveFeedbackTableViewCell.swift; sourceTree = "<group>"; };
		5151785E2C05A37600EAFFA4 /* FeedbackResponse.swift */ = {isa = PBXFileReference; lastKnownFileType = sourcecode.swift; path = FeedbackResponse.swift; sourceTree = "<group>"; };
		515178612C05BD7700EAFFA4 /* LeaveFeedbackVC.swift */ = {isa = PBXFileReference; lastKnownFileType = sourcecode.swift; path = LeaveFeedbackVC.swift; sourceTree = "<group>"; };
		515178632C05BD8D00EAFFA4 /* LeaveFeedbackView.swift */ = {isa = PBXFileReference; lastKnownFileType = sourcecode.swift; path = LeaveFeedbackView.swift; sourceTree = "<group>"; };
		515178652C05D20000EAFFA4 /* SendFeedback.swift */ = {isa = PBXFileReference; lastKnownFileType = sourcecode.swift; path = SendFeedback.swift; sourceTree = "<group>"; };
		515178682C062E1B00EAFFA4 /* FeedbackView.swift */ = {isa = PBXFileReference; lastKnownFileType = sourcecode.swift; path = FeedbackView.swift; sourceTree = "<group>"; };
		5151786A2C06311000EAFFA4 /* FeedbackVC.swift */ = {isa = PBXFileReference; lastKnownFileType = sourcecode.swift; path = FeedbackVC.swift; sourceTree = "<group>"; };
		5151786C2C06E23500EAFFA4 /* FeedbackHeaderView.swift */ = {isa = PBXFileReference; lastKnownFileType = sourcecode.swift; path = FeedbackHeaderView.swift; sourceTree = "<group>"; };
		5151786F2C06E93000EAFFA4 /* FeedbackAnswersResponse.swift */ = {isa = PBXFileReference; lastKnownFileType = sourcecode.swift; path = FeedbackAnswersResponse.swift; sourceTree = "<group>"; };
		515178712C06F68F00EAFFA4 /* FeedbackAnswerTableViewCell.swift */ = {isa = PBXFileReference; lastKnownFileType = sourcecode.swift; path = FeedbackAnswerTableViewCell.swift; sourceTree = "<group>"; };
		515CE3642BDB87D60032364D /* BeverageTableViewCell.swift */ = {isa = PBXFileReference; lastKnownFileType = sourcecode.swift; path = BeverageTableViewCell.swift; sourceTree = "<group>"; };
		515CE3672BDB91960032364D /* SearchViewDelegate.swift */ = {isa = PBXFileReference; lastKnownFileType = sourcecode.swift; path = SearchViewDelegate.swift; sourceTree = "<group>"; };
		515CE3692BDB92130032364D /* SearchMode.swift */ = {isa = PBXFileReference; lastKnownFileType = sourcecode.swift; path = SearchMode.swift; sourceTree = "<group>"; };
		515DCCBC2C21CCF600A0408D /* README.md */ = {isa = PBXFileReference; lastKnownFileType = net.daringfireball.markdown; path = README.md; sourceTree = "<group>"; };
		515EF0502BDFE574008795BA /* NetworkServiceProtocol.swift */ = {isa = PBXFileReference; lastKnownFileType = sourcecode.swift; path = NetworkServiceProtocol.swift; sourceTree = "<group>"; };
		516AD57E2BF483EB00F26B32 /* RestaurantAnnotation.swift */ = {isa = PBXFileReference; lastKnownFileType = sourcecode.swift; path = RestaurantAnnotation.swift; sourceTree = "<group>"; };
		516AD5802BF494AA00F26B32 /* RestaurantMarkerView.swift */ = {isa = PBXFileReference; lastKnownFileType = sourcecode.swift; path = RestaurantMarkerView.swift; sourceTree = "<group>"; };
		516C20272BE8DF1500FCBFB1 /* String.swift */ = {isa = PBXFileReference; lastKnownFileType = sourcecode.swift; path = String.swift; sourceTree = "<group>"; };
		516C20292BE8E92100FCBFB1 /* OTC.swift */ = {isa = PBXFileReference; lastKnownFileType = sourcecode.swift; path = OTC.swift; sourceTree = "<group>"; };
		516C202B2BE8EDE400FCBFB1 /* NewPassword.swift */ = {isa = PBXFileReference; lastKnownFileType = sourcecode.swift; path = NewPassword.swift; sourceTree = "<group>"; };
		516C202E2BE9E0C700FCBFB1 /* MenuVC.swift */ = {isa = PBXFileReference; lastKnownFileType = sourcecode.swift; path = MenuVC.swift; sourceTree = "<group>"; };
		516C20302BE9E0F300FCBFB1 /* MenuView.swift */ = {isa = PBXFileReference; lastKnownFileType = sourcecode.swift; path = MenuView.swift; sourceTree = "<group>"; };
		518461452BFB01B2001C02B6 /* BeverageVC.swift */ = {isa = PBXFileReference; lastKnownFileType = sourcecode.swift; path = BeverageVC.swift; sourceTree = "<group>"; };
		518461472BFB01DB001C02B6 /* BeverageView.swift */ = {isa = PBXFileReference; lastKnownFileType = sourcecode.swift; path = BeverageView.swift; sourceTree = "<group>"; };
		5184614B2BFD063C001C02B6 /* OrdersView.swift */ = {isa = PBXFileReference; lastKnownFileType = sourcecode.swift; path = OrdersView.swift; sourceTree = "<group>"; };
		5184614D2BFD0652001C02B6 /* OrdersVC.swift */ = {isa = PBXFileReference; lastKnownFileType = sourcecode.swift; path = OrdersVC.swift; sourceTree = "<group>"; };
		518461502BFD0693001C02B6 /* OrdersModelProtocol.swift */ = {isa = PBXFileReference; lastKnownFileType = sourcecode.swift; path = OrdersModelProtocol.swift; sourceTree = "<group>"; };
		518461522BFD06A2001C02B6 /* OrdersModel.swift */ = {isa = PBXFileReference; lastKnownFileType = sourcecode.swift; path = OrdersModel.swift; sourceTree = "<group>"; };
		518461552BFDA42A001C02B6 /* OrderTableViewCell.swift */ = {isa = PBXFileReference; lastKnownFileType = sourcecode.swift; path = OrderTableViewCell.swift; sourceTree = "<group>"; };
		518461572BFDA56B001C02B6 /* OrdersResponse.swift */ = {isa = PBXFileReference; lastKnownFileType = sourcecode.swift; path = OrdersResponse.swift; sourceTree = "<group>"; };
		5184616C2BFE0623001C02B6 /* StatusLabel.swift */ = {isa = PBXFileReference; lastKnownFileType = sourcecode.swift; path = StatusLabel.swift; sourceTree = "<group>"; };
		518B1E6D2BE9FA4F004F203F /* RestaurantHeaderView.swift */ = {isa = PBXFileReference; lastKnownFileType = sourcecode.swift; path = RestaurantHeaderView.swift; sourceTree = "<group>"; };
		518B1E702BEA29D7004F203F /* MenuModel.swift */ = {isa = PBXFileReference; lastKnownFileType = sourcecode.swift; path = MenuModel.swift; sourceTree = "<group>"; };
		518B1E732BEA29F1004F203F /* MenuModelProtocol.swift */ = {isa = PBXFileReference; lastKnownFileType = sourcecode.swift; path = MenuModelProtocol.swift; sourceTree = "<group>"; };
		518B1E752BEA3E93004F203F /* BeverageResponse.swift */ = {isa = PBXFileReference; lastKnownFileType = sourcecode.swift; path = BeverageResponse.swift; sourceTree = "<group>"; };
		518B1E772BEA4476004F203F /* MenuTableViewCell.swift */ = {isa = PBXFileReference; lastKnownFileType = sourcecode.swift; path = MenuTableViewCell.swift; sourceTree = "<group>"; };
		518B1E9B2BEB8426004F203F /* AuthService.swift */ = {isa = PBXFileReference; lastKnownFileType = sourcecode.swift; path = AuthService.swift; sourceTree = "<group>"; };
		518B1E9D2BEBCA58004F203F /* AuthError.swift */ = {isa = PBXFileReference; lastKnownFileType = sourcecode.swift; path = AuthError.swift; sourceTree = "<group>"; };
		518B1EA02BEBD453004F203F /* AuthServiceProtocol.swift */ = {isa = PBXFileReference; lastKnownFileType = sourcecode.swift; path = AuthServiceProtocol.swift; sourceTree = "<group>"; };
		518B1EA22BECAEB4004F203F /* AuthServiceDelegate.swift */ = {isa = PBXFileReference; lastKnownFileType = sourcecode.swift; path = AuthServiceDelegate.swift; sourceTree = "<group>"; };
		519ECCFD2BDF9CB8004BF955 /* NetworkService.swift */ = {isa = PBXFileReference; lastKnownFileType = sourcecode.swift; path = NetworkService.swift; sourceTree = "<group>"; };
		51AACDFA2BF337E0008CD997 /* SearchModelProtocol.swift */ = {isa = PBXFileReference; lastKnownFileType = sourcecode.swift; path = SearchModelProtocol.swift; sourceTree = "<group>"; };
		51AACDFC2BF337F3008CD997 /* SearchModel.swift */ = {isa = PBXFileReference; lastKnownFileType = sourcecode.swift; path = SearchModel.swift; sourceTree = "<group>"; };
		51AC3B122BE3EEBD0021F505 /* CreateUser.swift */ = {isa = PBXFileReference; lastKnownFileType = sourcecode.swift; path = CreateUser.swift; sourceTree = "<group>"; };
		51AC3B142BE3F8300021F505 /* CreateUserResponse.swift */ = {isa = PBXFileReference; lastKnownFileType = sourcecode.swift; path = CreateUserResponse.swift; sourceTree = "<group>"; };
		51AC3B162BE49B460021F505 /* RefreshToken.swift */ = {isa = PBXFileReference; lastKnownFileType = sourcecode.swift; path = RefreshToken.swift; sourceTree = "<group>"; };
		51AC3B1A2BE698670021F505 /* User.swift */ = {isa = PBXFileReference; lastKnownFileType = sourcecode.swift; path = User.swift; sourceTree = "<group>"; };
		51B329642BC64C6300D7ADFB /* SignInView.swift */ = {isa = PBXFileReference; lastKnownFileType = sourcecode.swift; path = SignInView.swift; sourceTree = "<group>"; };
		51B329732BC68BC000D7ADFB /* AuthScreenView.swift */ = {isa = PBXFileReference; lastKnownFileType = sourcecode.swift; path = AuthScreenView.swift; sourceTree = "<group>"; };
		51B329752BC6B8DF00D7ADFB /* CommonButton.swift */ = {isa = PBXFileReference; lastKnownFileType = sourcecode.swift; path = CommonButton.swift; sourceTree = "<group>"; };
		51B3297B2BC90D7400D7ADFB /* SignUpStackView.swift */ = {isa = PBXFileReference; lastKnownFileType = sourcecode.swift; path = SignUpStackView.swift; sourceTree = "<group>"; };
		51B3297D2BC9138600D7ADFB /* SignUpStackViewDelegate.swift */ = {isa = PBXFileReference; lastKnownFileType = sourcecode.swift; path = SignUpStackViewDelegate.swift; sourceTree = "<group>"; };
		51B329812BC9869600D7ADFB /* CommonTextField.swift */ = {isa = PBXFileReference; fileEncoding = 4; lastKnownFileType = sourcecode.swift; path = CommonTextField.swift; sourceTree = "<group>"; };
		51B329832BCA686D00D7ADFB /* SignUpView.swift */ = {isa = PBXFileReference; lastKnownFileType = sourcecode.swift; path = SignUpView.swift; sourceTree = "<group>"; };
		51B5B0EF2BC43E9A0096DB8B /* SignUpVC.swift */ = {isa = PBXFileReference; lastKnownFileType = sourcecode.swift; path = SignUpVC.swift; sourceTree = "<group>"; };
		51BC17622BE3A3A90095C104 /* LogIn.swift */ = {isa = PBXFileReference; lastKnownFileType = sourcecode.swift; path = LogIn.swift; sourceTree = "<group>"; };
		51BC17642BE3A53D0095C104 /* Tokens.swift */ = {isa = PBXFileReference; lastKnownFileType = sourcecode.swift; path = Tokens.swift; sourceTree = "<group>"; };
		51CE539D2BDE52EA001A5112 /* NothingFoundStateView.swift */ = {isa = PBXFileReference; lastKnownFileType = sourcecode.swift; path = NothingFoundStateView.swift; sourceTree = "<group>"; };
		51CF885A2BC3B8D800196E8A /* HappyHours.app */ = {isa = PBXFileReference; explicitFileType = wrapper.application; includeInIndex = 0; path = HappyHours.app; sourceTree = BUILT_PRODUCTS_DIR; };
		51CF885D2BC3B8D800196E8A /* AppDelegate.swift */ = {isa = PBXFileReference; lastKnownFileType = sourcecode.swift; path = AppDelegate.swift; sourceTree = "<group>"; };
		51CF885F2BC3B8D800196E8A /* SceneDelegate.swift */ = {isa = PBXFileReference; lastKnownFileType = sourcecode.swift; path = SceneDelegate.swift; sourceTree = "<group>"; };
		51CF88612BC3B8D800196E8A /* SignInVC.swift */ = {isa = PBXFileReference; lastKnownFileType = sourcecode.swift; path = SignInVC.swift; sourceTree = "<group>"; };
		51CF88662BC3B8D900196E8A /* Assets.xcassets */ = {isa = PBXFileReference; lastKnownFileType = folder.assetcatalog; path = Assets.xcassets; sourceTree = "<group>"; };
		51CF88692BC3B8D900196E8A /* Base */ = {isa = PBXFileReference; lastKnownFileType = file.storyboard; name = Base; path = Base.lproj/LaunchScreen.storyboard; sourceTree = "<group>"; };
		51CF886B2BC3B8D900196E8A /* Info.plist */ = {isa = PBXFileReference; lastKnownFileType = text.plist.xml; path = Info.plist; sourceTree = "<group>"; };
		51CF88712BC3B93000196E8A /* .gitignore */ = {isa = PBXFileReference; lastKnownFileType = text; path = .gitignore; sourceTree = "<group>"; };
		51DE3F452C175027008D8CC1 /* FreeTrial.swift */ = {isa = PBXFileReference; lastKnownFileType = sourcecode.swift; path = FreeTrial.swift; sourceTree = "<group>"; };
		51DE3F472C18071E008D8CC1 /* SubscriptionPlanBasicTableViewCell.swift */ = {isa = PBXFileReference; lastKnownFileType = sourcecode.swift; path = SubscriptionPlanBasicTableViewCell.swift; sourceTree = "<group>"; };
		51EEC06B2BE391C100780019 /* APIError.swift */ = {isa = PBXFileReference; lastKnownFileType = sourcecode.swift; path = APIError.swift; sourceTree = "<group>"; };
/* End PBXFileReference section */

/* Begin PBXFrameworksBuildPhase section */
		51CF88572BC3B8D800196E8A /* Frameworks */ = {
			isa = PBXFrameworksBuildPhase;
			buildActionMask = 2147483647;
			files = (
			);
			runOnlyForDeploymentPostprocessing = 0;
		};
/* End PBXFrameworksBuildPhase section */

/* Begin PBXGroup section */
		5103C66E2BE0E3BE009CFCB7 /* Model */ = {
			isa = PBXGroup;
			children = (
				5103C6692BE0E397009CFCB7 /* AuthorizationModel.swift */,
				5103C66C2BE0E3B2009CFCB7 /* AuthorizationModelProtocol.swift */,
			);
			path = Model;
			sourceTree = "<group>";
		};
		5103C66F2BE0E3C8009CFCB7 /* View */ = {
			isa = PBXGroup;
			children = (
				51B329642BC64C6300D7ADFB /* SignInView.swift */,
				51B3297F2BC923B200D7ADFB /* SignUpStackView */,
			);
			path = View;
			sourceTree = "<group>";
		};
		5103C6732BE0ECBC009CFCB7 /* NetworkService */ = {
			isa = PBXGroup;
			children = (
				519ECCFD2BDF9CB8004BF955 /* NetworkService.swift */,
				515EF0502BDFE574008795BA /* NetworkServiceProtocol.swift */,
				51EEC06B2BE391C100780019 /* APIError.swift */,
				51EEC06F2BE396D500780019 /* APIModels */,
			);
			path = NetworkService;
			sourceTree = "<group>";
		};
		5103C6742BE0ECDF009CFCB7 /* KeyChainService */ = {
			isa = PBXGroup;
			children = (
				5103C6702BE0EC27009CFCB7 /* KeyChainService.swift */,
				51253A202BEE2B6800106D57 /* KeyChainServiceProtocol.swift */,
			);
			path = KeyChainService;
			sourceTree = "<group>";
		};
		511104AE2C0ECE7E005E13AE /* SubscriptionService */ = {
			isa = PBXGroup;
			children = (
				511104AF2C0ECF33005E13AE /* SubscriptionService.swift */,
				511104B12C0EE6A0005E13AE /* SubscriptionServiceProtocol.swift */,
			);
			path = SubscriptionService;
			sourceTree = "<group>";
		};
		511104B92C101A9B005E13AE /* Subscription */ = {
			isa = PBXGroup;
			children = (
				5150BA152C1437DA00895045 /* SubscriptionPlans */,
				5150BA1E2C158C3200895045 /* Payment */,
				5133893B2C12D4D600F545AE /* Model */,
			);
			path = Subscription;
			sourceTree = "<group>";
		};
		511104BA2C104FAC005E13AE /* UserService */ = {
			isa = PBXGroup;
			children = (
				511104BB2C10528B005E13AE /* UserService.swift */,
				511104BD2C105297005E13AE /* UserServiceProtocol.swift */,
				511104C12C1068E1005E13AE /* UserError.swift */,
			);
			path = UserService;
			sourceTree = "<group>";
		};
		51280B7C2BD8F6BE00FD0271 /* Search */ = {
			isa = PBXGroup;
			children = (
				51280B7D2BD8F6EA00FD0271 /* SearchVC.swift */,
				515CE3662BDB87DB0032364D /* View */,
				51AACDF92BF337CB008CD997 /* Model */,
			);
			path = Search;
			sourceTree = "<group>";
		};
		512D005D2BD769FA0057D696 /* Model */ = {
			isa = PBXGroup;
			children = (
				512D005B2BD769EE0057D696 /* RestaurantsModelProtocol.swift */,
				512D00592BD769CB0057D696 /* RestaurantsModel.swift */,
			);
			path = Model;
			sourceTree = "<group>";
		};
		512D005E2BD76A140057D696 /* View */ = {
			isa = PBXGroup;
			children = (
				513B6CFA2BD16E880006DD25 /* RestaurantsView.swift */,
				5148B95B2BD6201200659D73 /* RestaurantsTableViewCell.swift */,
			);
			path = View;
			sourceTree = "<group>";
		};
		512D00632BD789380057D696 /* Models */ = {
			isa = PBXGroup;
			children = (
				512D00612BD7892F0057D696 /* ProfileModel.swift */,
				512D00642BD7894F0057D696 /* ProfileModelProtocol.swift */,
			);
			path = Models;
			sourceTree = "<group>";
		};
		512D00662BD7A8470057D696 /* MainProfile */ = {
			isa = PBXGroup;
			children = (
				513B6CF82BD16E650006DD25 /* ProfileVC.swift */,
				513B6CFC2BD16EA60006DD25 /* ProfileView.swift */,
			);
			path = MainProfile;
			sourceTree = "<group>";
		};
		512D00672BD7A85B0057D696 /* EditProfile */ = {
			isa = PBXGroup;
			children = (
				512D006A2BD7AB830057D696 /* EditProfileVC.swift */,
				512D00682BD7AAAD0057D696 /* EditProfileView.swift */,
			);
			path = EditProfile;
			sourceTree = "<group>";
		};
		5133893B2C12D4D600F545AE /* Model */ = {
			isa = PBXGroup;
			children = (
				5133893C2C12D4E900F545AE /* SubscriptionModelProtocol.swift */,
				5133893E2C12D4FA00F545AE /* SubscriptionModel.swift */,
			);
			path = Model;
			sourceTree = "<group>";
		};
		5138299B2BCD745300AA4878 /* ResetPassword */ = {
			isa = PBXGroup;
			children = (
				5138299E2BCD74AB00AA4878 /* ResetPasswordVC.swift */,
				5138299C2BCD747800AA4878 /* ResetPasswordView.swift */,
			);
			path = ResetPassword;
			sourceTree = "<group>";
		};
		513829A02BCD90B600AA4878 /* OTC */ = {
			isa = PBXGroup;
			children = (
				513829A12BCD90D500AA4878 /* OneTimeCodeVC.swift */,
				513829A32BCD90F800AA4878 /* OneTimeCodeView.swift */,
			);
			path = OTC;
			sourceTree = "<group>";
		};
		513B6CC42BCF9F430006DD25 /* NewPassword */ = {
			isa = PBXGroup;
			children = (
				513B6CC52BCF9F750006DD25 /* NewPasswordVC.swift */,
				513B6CC72BCF9F950006DD25 /* NewPasswordView.swift */,
			);
			path = NewPassword;
			sourceTree = "<group>";
		};
		513B6CF12BD16DE70006DD25 /* Restaurants */ = {
			isa = PBXGroup;
			children = (
				513B6CF62BD16E4A0006DD25 /* RestaurantsVC.swift */,
				512D005E2BD76A140057D696 /* View */,
				512D005D2BD769FA0057D696 /* Model */,
			);
			path = Restaurants;
			sourceTree = "<group>";
		};
		513B6CF52BD16E2D0006DD25 /* Profile */ = {
			isa = PBXGroup;
			children = (
				512D00662BD7A8470057D696 /* MainProfile */,
				512D00672BD7A85B0057D696 /* EditProfile */,
				512D00632BD789380057D696 /* Models */,
			);
			path = Profile;
			sourceTree = "<group>";
		};
		5148B90D2BD3E7CC00659D73 /* Common */ = {
			isa = PBXGroup;
			children = (
				5148B90E2BD3E7E800659D73 /* LogInDelegate.swift */,
				5148B9102BD3E82600659D73 /* LogOutDelegate.swift */,
				5148B9122BD3F87B00659D73 /* UIWindow+Navigation.swift */,
				51B329752BC6B8DF00D7ADFB /* CommonButton.swift */,
				5148B92A2BD40E8600659D73 /* Constraints.swift */,
				51B329812BC9869600D7ADFB /* CommonTextField.swift */,
				512D00552BD6B3DB0057D696 /* NameChecker.swift */,
				513B6CC02BCF987E0006DD25 /* EmailChecker.swift */,
				512D006C2BD803150057D696 /* AlertPresenter.swift */,
			);
			path = Common;
			sourceTree = "<group>";
		};
		5150BA152C1437DA00895045 /* SubscriptionPlans */ = {
			isa = PBXGroup;
			children = (
				5150BA162C1437F000895045 /* SubscriptionPlansVC.swift */,
				5150BA182C14389800895045 /* SubscriptionPlansView.swift */,
				51DE3F472C18071E008D8CC1 /* SubscriptionPlanBasicTableViewCell.swift */,
				5150BA1A2C143B5200895045 /* SubscriptionPlanTableViewCell.swift */,
			);
			path = SubscriptionPlans;
			sourceTree = "<group>";
		};
		5150BA1E2C158C3200895045 /* Payment */ = {
			isa = PBXGroup;
			children = (
				5150BA1F2C158C4B00895045 /* PaymentVC.swift */,
			);
			path = Payment;
			sourceTree = "<group>";
		};
		515178602C05BD2700EAFFA4 /* LeaveFeedbackScreen */ = {
			isa = PBXGroup;
			children = (
				515178612C05BD7700EAFFA4 /* LeaveFeedbackVC.swift */,
				515178632C05BD8D00EAFFA4 /* LeaveFeedbackView.swift */,
			);
			path = LeaveFeedbackScreen;
			sourceTree = "<group>";
		};
		515178672C062DDC00EAFFA4 /* FeedbackScreen */ = {
			isa = PBXGroup;
			children = (
				5151786A2C06311000EAFFA4 /* FeedbackVC.swift */,
				5151786E2C06E23E00EAFFA4 /* View */,
			);
			path = FeedbackScreen;
			sourceTree = "<group>";
		};
		5151786E2C06E23E00EAFFA4 /* View */ = {
			isa = PBXGroup;
			children = (
				515178682C062E1B00EAFFA4 /* FeedbackView.swift */,
				5151786C2C06E23500EAFFA4 /* FeedbackHeaderView.swift */,
				515178712C06F68F00EAFFA4 /* FeedbackAnswerTableViewCell.swift */,
				511104B52C0F25E8005E13AE /* AnswerInputView.swift */,
			);
			path = View;
			sourceTree = "<group>";
		};
		515CE3662BDB87DB0032364D /* View */ = {
			isa = PBXGroup;
			children = (
				51280B7F2BD8F71400FD0271 /* SearchView.swift */,
				515CE3642BDB87D60032364D /* BeverageTableViewCell.swift */,
				515CE3672BDB91960032364D /* SearchViewDelegate.swift */,
				515CE3692BDB92130032364D /* SearchMode.swift */,
				51CE539D2BDE52EA001A5112 /* NothingFoundStateView.swift */,
				516AD57E2BF483EB00F26B32 /* RestaurantAnnotation.swift */,
				516AD5802BF494AA00F26B32 /* RestaurantMarkerView.swift */,
			);
			path = View;
			sourceTree = "<group>";
		};
		515EF04E2BDFE1DA008795BA /* Services */ = {
			isa = PBXGroup;
			children = (
				511104BA2C104FAC005E13AE /* UserService */,
				511104AE2C0ECE7E005E13AE /* SubscriptionService */,
				518B1E9F2BEBCB00004F203F /* AuthService */,
				5103C6732BE0ECBC009CFCB7 /* NetworkService */,
				5103C6742BE0ECDF009CFCB7 /* KeyChainService */,
			);
			path = Services;
			sourceTree = "<group>";
		};
		516C202D2BE9E0A200FCBFB1 /* Menu */ = {
			isa = PBXGroup;
			children = (
				516C202E2BE9E0C700FCBFB1 /* MenuVC.swift */,
				518B1E6F2BE9FA56004F203F /* View */,
				515178602C05BD2700EAFFA4 /* LeaveFeedbackScreen */,
				515178672C062DDC00EAFFA4 /* FeedbackScreen */,
				518B1E722BEA29DF004F203F /* Model */,
			);
			path = Menu;
			sourceTree = "<group>";
		};
		518461442BFB0113001C02B6 /* Beverage */ = {
			isa = PBXGroup;
			children = (
				518461452BFB01B2001C02B6 /* BeverageVC.swift */,
				518461472BFB01DB001C02B6 /* BeverageView.swift */,
			);
			path = Beverage;
			sourceTree = "<group>";
		};
		5184614A2BFD0621001C02B6 /* Orders */ = {
			isa = PBXGroup;
			children = (
				5184614D2BFD0652001C02B6 /* OrdersVC.swift */,
				518461542BFD9711001C02B6 /* View */,
				5184614F2BFD067E001C02B6 /* Model */,
			);
			path = Orders;
			sourceTree = "<group>";
		};
		5184614F2BFD067E001C02B6 /* Model */ = {
			isa = PBXGroup;
			children = (
				518461502BFD0693001C02B6 /* OrdersModelProtocol.swift */,
				518461522BFD06A2001C02B6 /* OrdersModel.swift */,
			);
			path = Model;
			sourceTree = "<group>";
		};
		518461542BFD9711001C02B6 /* View */ = {
			isa = PBXGroup;
			children = (
				5184614B2BFD063C001C02B6 /* OrdersView.swift */,
				518461552BFDA42A001C02B6 /* OrderTableViewCell.swift */,
				5184616C2BFE0623001C02B6 /* StatusLabel.swift */,
			);
			path = View;
			sourceTree = "<group>";
		};
		518B1E6F2BE9FA56004F203F /* View */ = {
			isa = PBXGroup;
			children = (
				516C20302BE9E0F300FCBFB1 /* MenuView.swift */,
				518B1E6D2BE9FA4F004F203F /* RestaurantHeaderView.swift */,
				518B1E772BEA4476004F203F /* MenuTableViewCell.swift */,
				515178562C04CABB00EAFFA4 /* FeedbackTableViewCell.swift */,
				5151785C2C0594DA00EAFFA4 /* LeaveFeedbackTableViewCell.swift */,
				51253A3F2BEF489300106D57 /* MenuTableViewCellDelegate.swift */,
				5151782F2C04676000EAFFA4 /* MenuTabCollectionViewCell.swift */,
			);
			path = View;
			sourceTree = "<group>";
		};
		518B1E722BEA29DF004F203F /* Model */ = {
			isa = PBXGroup;
			children = (
				518B1E702BEA29D7004F203F /* MenuModel.swift */,
				518B1E732BEA29F1004F203F /* MenuModelProtocol.swift */,
			);
			path = Model;
			sourceTree = "<group>";
		};
		518B1E9F2BEBCB00004F203F /* AuthService */ = {
			isa = PBXGroup;
			children = (
				518B1E9B2BEB8426004F203F /* AuthService.swift */,
				518B1E9D2BEBCA58004F203F /* AuthError.swift */,
				518B1EA02BEBD453004F203F /* AuthServiceProtocol.swift */,
				518B1EA22BECAEB4004F203F /* AuthServiceDelegate.swift */,
			);
			path = AuthService;
			sourceTree = "<group>";
		};
		519B5CDF2BC58C2C00BD4EB4 /* AuthorizationModule */ = {
			isa = PBXGroup;
			children = (
				51B329732BC68BC000D7ADFB /* AuthScreenView.swift */,
				513B6CC22BCF98D10006DD25 /* PasswordChecker.swift */,
				519B5CE12BC58C7000BD4EB4 /* SignIn */,
				519B5CE32BC58CFA00BD4EB4 /* SignUp */,
				5138299B2BCD745300AA4878 /* ResetPassword */,
				513829A02BCD90B600AA4878 /* OTC */,
				513B6CC42BCF9F430006DD25 /* NewPassword */,
				5103C66E2BE0E3BE009CFCB7 /* Model */,
			);
			path = AuthorizationModule;
			sourceTree = "<group>";
		};
		519B5CE02BC58C4200BD4EB4 /* MainModule */ = {
			isa = PBXGroup;
			children = (
				513B6CEF2BD02CA90006DD25 /* MainTabBarController.swift */,
				513B6CF12BD16DE70006DD25 /* Restaurants */,
				516C202D2BE9E0A200FCBFB1 /* Menu */,
				51280B7C2BD8F6BE00FD0271 /* Search */,
				513B6CF32BD16E230006DD25 /* ScannerVC.swift */,
				5184614A2BFD0621001C02B6 /* Orders */,
				513B6CF52BD16E2D0006DD25 /* Profile */,
				511104B92C101A9B005E13AE /* Subscription */,
				518461442BFB0113001C02B6 /* Beverage */,
			);
			path = MainModule;
			sourceTree = "<group>";
		};
		519B5CE12BC58C7000BD4EB4 /* SignIn */ = {
			isa = PBXGroup;
			children = (
				51CF88612BC3B8D800196E8A /* SignInVC.swift */,
				5103C66F2BE0E3C8009CFCB7 /* View */,
			);
			path = SignIn;
			sourceTree = "<group>";
		};
		519B5CE32BC58CFA00BD4EB4 /* SignUp */ = {
			isa = PBXGroup;
			children = (
				51B5B0EF2BC43E9A0096DB8B /* SignUpVC.swift */,
				51B329832BCA686D00D7ADFB /* SignUpView.swift */,
			);
			path = SignUp;
			sourceTree = "<group>";
		};
		51AACDF92BF337CB008CD997 /* Model */ = {
			isa = PBXGroup;
			children = (
				51AACDFA2BF337E0008CD997 /* SearchModelProtocol.swift */,
				51AACDFC2BF337F3008CD997 /* SearchModel.swift */,
			);
			path = Model;
			sourceTree = "<group>";
		};
		51B3297F2BC923B200D7ADFB /* SignUpStackView */ = {
			isa = PBXGroup;
			children = (
				51B3297B2BC90D7400D7ADFB /* SignUpStackView.swift */,
				51B3297D2BC9138600D7ADFB /* SignUpStackViewDelegate.swift */,
			);
			path = SignUpStackView;
			sourceTree = "<group>";
		};
		51CF88512BC3B8D800196E8A = {
			isa = PBXGroup;
			children = (
				515DCCBC2C21CCF600A0408D /* README.md */,
				51CF88712BC3B93000196E8A /* .gitignore */,
				51CF885C2BC3B8D800196E8A /* HappyHours */,
				51CF885B2BC3B8D800196E8A /* Products */,
			);
			sourceTree = "<group>";
		};
		51CF885B2BC3B8D800196E8A /* Products */ = {
			isa = PBXGroup;
			children = (
				51CF885A2BC3B8D800196E8A /* HappyHours.app */,
			);
			name = Products;
			sourceTree = "<group>";
		};
		51CF885C2BC3B8D800196E8A /* HappyHours */ = {
			isa = PBXGroup;
			children = (
				51CF885D2BC3B8D800196E8A /* AppDelegate.swift */,
				51CF885F2BC3B8D800196E8A /* SceneDelegate.swift */,
				5148B90D2BD3E7CC00659D73 /* Common */,
				515EF04E2BDFE1DA008795BA /* Services */,
				519B5CDF2BC58C2C00BD4EB4 /* AuthorizationModule */,
				519B5CE02BC58C4200BD4EB4 /* MainModule */,
				51CF88662BC3B8D900196E8A /* Assets.xcassets */,
				512D00572BD6C1EF0057D696 /* Inter-VariableFont.ttf */,
				511104B32C0F17C7005E13AE /* Localizable.xcstrings */,
				51CF88682BC3B8D900196E8A /* LaunchScreen.storyboard */,
				51CF886B2BC3B8D900196E8A /* Info.plist */,
			);
			path = HappyHours;
			sourceTree = "<group>";
		};
		51EEC06F2BE396D500780019 /* APIModels */ = {
			isa = PBXGroup;
			children = (
				51BC17622BE3A3A90095C104 /* LogIn.swift */,
				51BC17642BE3A53D0095C104 /* Tokens.swift */,
				51AC3B122BE3EEBD0021F505 /* CreateUser.swift */,
				51AC3B142BE3F8300021F505 /* CreateUserResponse.swift */,
				51AC3B162BE49B460021F505 /* RefreshToken.swift */,
				5148B9592BD61C8300659D73 /* RestaurantsResponse.swift */,
				51AC3B1A2BE698670021F505 /* User.swift */,
				516C20272BE8DF1500FCBFB1 /* String.swift */,
				516C20292BE8E92100FCBFB1 /* OTC.swift */,
				516C202B2BE8EDE400FCBFB1 /* NewPassword.swift */,
				518B1E752BEA3E93004F203F /* BeverageResponse.swift */,
				51253A412BEF56FF00106D57 /* PlaceOrder.swift */,
				518461572BFDA56B001C02B6 /* OrdersResponse.swift */,
				5151785E2C05A37600EAFFA4 /* FeedbackResponse.swift */,
				515178652C05D20000EAFFA4 /* SendFeedback.swift */,
				5151786F2C06E93000EAFFA4 /* FeedbackAnswersResponse.swift */,
				511104A52C0DCCC8005E13AE /* Subscription.swift */,
				511104A72C0DCD8B005E13AE /* SubscriptionPlan.swift */,
				511104B72C0F6F13005E13AE /* FeedbackAnswerCreate.swift */,
				5150BA1C2C158A2600895045 /* Payment.swift */,
				51DE3F452C175027008D8CC1 /* FreeTrial.swift */,
			);
			path = APIModels;
			sourceTree = "<group>";
		};
/* End PBXGroup section */

/* Begin PBXNativeTarget section */
		51CF88592BC3B8D800196E8A /* HappyHours */ = {
			isa = PBXNativeTarget;
			buildConfigurationList = 51CF886E2BC3B8D900196E8A /* Build configuration list for PBXNativeTarget "HappyHours" */;
			buildPhases = (
				51CF88562BC3B8D800196E8A /* Sources */,
				51CF88572BC3B8D800196E8A /* Frameworks */,
				51CF88582BC3B8D800196E8A /* Resources */,
			);
			buildRules = (
			);
			dependencies = (
			);
			name = HappyHours;
			packageProductDependencies = (
			);
			productName = HappyHours;
			productReference = 51CF885A2BC3B8D800196E8A /* HappyHours.app */;
			productType = "com.apple.product-type.application";
		};
/* End PBXNativeTarget section */

/* Begin PBXProject section */
		51CF88522BC3B8D800196E8A /* Project object */ = {
			isa = PBXProject;
			attributes = {
				BuildIndependentTargetsInParallel = 1;
				LastSwiftUpdateCheck = 1530;
				LastUpgradeCheck = 1530;
				TargetAttributes = {
					51CF88592BC3B8D800196E8A = {
						CreatedOnToolsVersion = 15.3;
					};
				};
			};
			buildConfigurationList = 51CF88552BC3B8D800196E8A /* Build configuration list for PBXProject "HappyHours" */;
			compatibilityVersion = "Xcode 14.0";
			developmentRegion = en;
			hasScannedForEncodings = 0;
			knownRegions = (
				en,
				Base,
			);
			mainGroup = 51CF88512BC3B8D800196E8A;
			packageReferences = (
			);
			productRefGroup = 51CF885B2BC3B8D800196E8A /* Products */;
			projectDirPath = "";
			projectRoot = "";
			targets = (
				51CF88592BC3B8D800196E8A /* HappyHours */,
			);
		};
/* End PBXProject section */

/* Begin PBXResourcesBuildPhase section */
		51CF88582BC3B8D800196E8A /* Resources */ = {
			isa = PBXResourcesBuildPhase;
			buildActionMask = 2147483647;
			files = (
				515DCCBD2C21CCF600A0408D /* README.md in Resources */,
				512D00582BD6C1EF0057D696 /* Inter-VariableFont.ttf in Resources */,
				511104B42C0F17C7005E13AE /* Localizable.xcstrings in Resources */,
				51CF88672BC3B8D900196E8A /* Assets.xcassets in Resources */,
				51CF88722BC3B93000196E8A /* .gitignore in Resources */,
				51CF886A2BC3B8D900196E8A /* Base in Resources */,
			);
			runOnlyForDeploymentPostprocessing = 0;
		};
/* End PBXResourcesBuildPhase section */

/* Begin PBXSourcesBuildPhase section */
		51CF88562BC3B8D800196E8A /* Sources */ = {
			isa = PBXSourcesBuildPhase;
			buildActionMask = 2147483647;
			files = (
				518461512BFD0693001C02B6 /* OrdersModelProtocol.swift in Sources */,
				513B6CFD2BD16EA60006DD25 /* ProfileView.swift in Sources */,
				515178662C05D20000EAFFA4 /* SendFeedback.swift in Sources */,
				5103C6712BE0EC27009CFCB7 /* KeyChainService.swift in Sources */,
				51CF88622BC3B8D800196E8A /* SignInVC.swift in Sources */,
				513B6CF02BD02CA90006DD25 /* MainTabBarController.swift in Sources */,
				516AD5812BF494AA00F26B32 /* RestaurantMarkerView.swift in Sources */,
				512D006D2BD803150057D696 /* AlertPresenter.swift in Sources */,
				518B1E9E2BEBCA58004F203F /* AuthError.swift in Sources */,
				51B329742BC68BC000D7ADFB /* AuthScreenView.swift in Sources */,
				511104B02C0ECF33005E13AE /* SubscriptionService.swift in Sources */,
				5184614C2BFD063C001C02B6 /* OrdersView.swift in Sources */,
				51B3297E2BC9138600D7ADFB /* SignUpStackViewDelegate.swift in Sources */,
				5148B90F2BD3E7E800659D73 /* LogInDelegate.swift in Sources */,
				511104B82C0F6F13005E13AE /* FeedbackAnswerCreate.swift in Sources */,
				51AC3B1B2BE698670021F505 /* User.swift in Sources */,
				5150BA1D2C158A2600895045 /* Payment.swift in Sources */,
				515CE3652BDB87D60032364D /* BeverageTableViewCell.swift in Sources */,
				51253A422BEF56FF00106D57 /* PlaceOrder.swift in Sources */,
				5150BA1B2C143B5200895045 /* SubscriptionPlanTableViewCell.swift in Sources */,
				513B6CF92BD16E650006DD25 /* ProfileVC.swift in Sources */,
				51AC3B132BE3EEBD0021F505 /* CreateUser.swift in Sources */,
				512D006B2BD7AB830057D696 /* EditProfileVC.swift in Sources */,
				518B1E742BEA29F1004F203F /* MenuModelProtocol.swift in Sources */,
				516C202A2BE8E92100FCBFB1 /* OTC.swift in Sources */,
				51B5B0F02BC43E9A0096DB8B /* SignUpVC.swift in Sources */,
				516AD57F2BF483EB00F26B32 /* RestaurantAnnotation.swift in Sources */,
				51DE3F482C18071E008D8CC1 /* SubscriptionPlanBasicTableViewCell.swift in Sources */,
				51280B802BD8F71400FD0271 /* SearchView.swift in Sources */,
				513B6CC12BCF987E0006DD25 /* EmailChecker.swift in Sources */,
				519ECCFE2BDF9CB8004BF955 /* NetworkService.swift in Sources */,
				51CE539E2BDE52EA001A5112 /* NothingFoundStateView.swift in Sources */,
				516C20312BE9E0F300FCBFB1 /* MenuView.swift in Sources */,
				5184614E2BFD0652001C02B6 /* OrdersVC.swift in Sources */,
				511104BE2C105297005E13AE /* UserServiceProtocol.swift in Sources */,
				51CF885E2BC3B8D800196E8A /* AppDelegate.swift in Sources */,
				5133893D2C12D4E900F545AE /* SubscriptionModelProtocol.swift in Sources */,
				511104BC2C10528B005E13AE /* UserService.swift in Sources */,
				518B1EA32BECAEB4004F203F /* AuthServiceDelegate.swift in Sources */,
				515178572C04CABB00EAFFA4 /* FeedbackTableViewCell.swift in Sources */,
				516C202F2BE9E0C700FCBFB1 /* MenuVC.swift in Sources */,
				513B6CFB2BD16E880006DD25 /* RestaurantsView.swift in Sources */,
				513B6CC82BCF9F950006DD25 /* NewPasswordView.swift in Sources */,
				5133893F2C12D4FA00F545AE /* SubscriptionModel.swift in Sources */,
				5148B95C2BD6201200659D73 /* RestaurantsTableViewCell.swift in Sources */,
				51DE3F462C175027008D8CC1 /* FreeTrial.swift in Sources */,
				5148B92B2BD40E8600659D73 /* Constraints.swift in Sources */,
				515EF0512BDFE574008795BA /* NetworkServiceProtocol.swift in Sources */,
				512D00652BD7894F0057D696 /* ProfileModelProtocol.swift in Sources */,
				515CE3682BDB91960032364D /* SearchViewDelegate.swift in Sources */,
				518461582BFDA56B001C02B6 /* OrdersResponse.swift in Sources */,
				5151786B2C06311000EAFFA4 /* FeedbackVC.swift in Sources */,
				513829A42BCD90F800AA4878 /* OneTimeCodeView.swift in Sources */,
				5184616D2BFE0623001C02B6 /* StatusLabel.swift in Sources */,
				513B6CF72BD16E4A0006DD25 /* RestaurantsVC.swift in Sources */,
				5138299D2BCD747800AA4878 /* ResetPasswordView.swift in Sources */,
				51BC17652BE3A53D0095C104 /* Tokens.swift in Sources */,
				51B3297C2BC90D7400D7ADFB /* SignUpStackView.swift in Sources */,
				51AACDFD2BF337F3008CD997 /* SearchModel.swift in Sources */,
				518461532BFD06A2001C02B6 /* OrdersModel.swift in Sources */,
				511104B62C0F25E8005E13AE /* AnswerInputView.swift in Sources */,
				51B329762BC6B8DF00D7ADFB /* CommonButton.swift in Sources */,
				5151785D2C0594DA00EAFFA4 /* LeaveFeedbackTableViewCell.swift in Sources */,
				5148B95A2BD61C8300659D73 /* RestaurantsResponse.swift in Sources */,
				51B329842BCA686D00D7ADFB /* SignUpView.swift in Sources */,
				5150BA202C158C4B00895045 /* PaymentVC.swift in Sources */,
				518B1E6E2BE9FA4F004F203F /* RestaurantHeaderView.swift in Sources */,
				512D00622BD7892F0057D696 /* ProfileModel.swift in Sources */,
				5151785F2C05A37600EAFFA4 /* FeedbackResponse.swift in Sources */,
				51280B7E2BD8F6EA00FD0271 /* SearchVC.swift in Sources */,
				515178302C04676000EAFFA4 /* MenuTabCollectionViewCell.swift in Sources */,
				51253A212BEE2B6800106D57 /* KeyChainServiceProtocol.swift in Sources */,
				511104A82C0DCD8B005E13AE /* SubscriptionPlan.swift in Sources */,
				5150BA192C14389800895045 /* SubscriptionPlansView.swift in Sources */,
				512D00692BD7AAAD0057D696 /* EditProfileView.swift in Sources */,
				51BC17632BE3A3A90095C104 /* LogIn.swift in Sources */,
				518B1E782BEA4476004F203F /* MenuTableViewCell.swift in Sources */,
				51AACDFB2BF337E0008CD997 /* SearchModelProtocol.swift in Sources */,
				5151786D2C06E23600EAFFA4 /* FeedbackHeaderView.swift in Sources */,
				518461462BFB01B2001C02B6 /* BeverageVC.swift in Sources */,
				516C202C2BE8EDE400FCBFB1 /* NewPassword.swift in Sources */,
				518461482BFB01DB001C02B6 /* BeverageView.swift in Sources */,
				513B6CC62BCF9F750006DD25 /* NewPasswordVC.swift in Sources */,
				512D005C2BD769EE0057D696 /* RestaurantsModelProtocol.swift in Sources */,
				512D00562BD6B3DB0057D696 /* NameChecker.swift in Sources */,
				5148B9132BD3F87B00659D73 /* UIWindow+Navigation.swift in Sources */,
				5103C66A2BE0E397009CFCB7 /* AuthorizationModel.swift in Sources */,
				515178692C062E1B00EAFFA4 /* FeedbackView.swift in Sources */,
				511104A62C0DCCC8005E13AE /* Subscription.swift in Sources */,
				51EEC06C2BE391C100780019 /* APIError.swift in Sources */,
				51AC3B172BE49B460021F505 /* RefreshToken.swift in Sources */,
				515178702C06E93000EAFFA4 /* FeedbackAnswersResponse.swift in Sources */,
				518B1EA12BEBD453004F203F /* AuthServiceProtocol.swift in Sources */,
				515178642C05BD8D00EAFFA4 /* LeaveFeedbackView.swift in Sources */,
				513829A22BCD90D500AA4878 /* OneTimeCodeVC.swift in Sources */,
				51CF88602BC3B8D800196E8A /* SceneDelegate.swift in Sources */,
				515178622C05BD7700EAFFA4 /* LeaveFeedbackVC.swift in Sources */,
				511104B22C0EE6A0005E13AE /* SubscriptionServiceProtocol.swift in Sources */,
				515178722C06F68F00EAFFA4 /* FeedbackAnswerTableViewCell.swift in Sources */,
				513B6CF42BD16E230006DD25 /* ScannerVC.swift in Sources */,
				513B6CC32BCF98D10006DD25 /* PasswordChecker.swift in Sources */,
				518461562BFDA42A001C02B6 /* OrderTableViewCell.swift in Sources */,
				518B1E9C2BEB8426004F203F /* AuthService.swift in Sources */,
				511104C22C1068E1005E13AE /* UserError.swift in Sources */,
				5138299F2BCD74AB00AA4878 /* ResetPasswordVC.swift in Sources */,
				51253A402BEF489300106D57 /* MenuTableViewCellDelegate.swift in Sources */,
				5148B9112BD3E82600659D73 /* LogOutDelegate.swift in Sources */,
				518B1E762BEA3E93004F203F /* BeverageResponse.swift in Sources */,
				512D005A2BD769CB0057D696 /* RestaurantsModel.swift in Sources */,
				515CE36A2BDB92130032364D /* SearchMode.swift in Sources */,
				518B1E712BEA29D8004F203F /* MenuModel.swift in Sources */,
				51B329822BC9869600D7ADFB /* CommonTextField.swift in Sources */,
				516C20282BE8DF1500FCBFB1 /* String.swift in Sources */,
				51AC3B152BE3F8300021F505 /* CreateUserResponse.swift in Sources */,
				51B329652BC64C6300D7ADFB /* SignInView.swift in Sources */,
				5103C66D2BE0E3B2009CFCB7 /* AuthorizationModelProtocol.swift in Sources */,
				5150BA172C1437F000895045 /* SubscriptionPlansVC.swift in Sources */,
			);
			runOnlyForDeploymentPostprocessing = 0;
		};
/* End PBXSourcesBuildPhase section */

/* Begin PBXVariantGroup section */
		51CF88682BC3B8D900196E8A /* LaunchScreen.storyboard */ = {
			isa = PBXVariantGroup;
			children = (
				51CF88692BC3B8D900196E8A /* Base */,
			);
			name = LaunchScreen.storyboard;
			sourceTree = "<group>";
		};
/* End PBXVariantGroup section */

/* Begin XCBuildConfiguration section */
		51CF886C2BC3B8D900196E8A /* Debug */ = {
			isa = XCBuildConfiguration;
			buildSettings = {
				ALWAYS_SEARCH_USER_PATHS = NO;
				ASSETCATALOG_COMPILER_GENERATE_SWIFT_ASSET_SYMBOL_EXTENSIONS = YES;
				CLANG_ANALYZER_NONNULL = YES;
				CLANG_ANALYZER_NUMBER_OBJECT_CONVERSION = YES_AGGRESSIVE;
				CLANG_CXX_LANGUAGE_STANDARD = "gnu++20";
				CLANG_ENABLE_MODULES = YES;
				CLANG_ENABLE_OBJC_ARC = YES;
				CLANG_ENABLE_OBJC_WEAK = YES;
				CLANG_WARN_BLOCK_CAPTURE_AUTORELEASING = YES;
				CLANG_WARN_BOOL_CONVERSION = YES;
				CLANG_WARN_COMMA = YES;
				CLANG_WARN_CONSTANT_CONVERSION = YES;
				CLANG_WARN_DEPRECATED_OBJC_IMPLEMENTATIONS = YES;
				CLANG_WARN_DIRECT_OBJC_ISA_USAGE = YES_ERROR;
				CLANG_WARN_DOCUMENTATION_COMMENTS = YES;
				CLANG_WARN_EMPTY_BODY = YES;
				CLANG_WARN_ENUM_CONVERSION = YES;
				CLANG_WARN_INFINITE_RECURSION = YES;
				CLANG_WARN_INT_CONVERSION = YES;
				CLANG_WARN_NON_LITERAL_NULL_CONVERSION = YES;
				CLANG_WARN_OBJC_IMPLICIT_RETAIN_SELF = YES;
				CLANG_WARN_OBJC_LITERAL_CONVERSION = YES;
				CLANG_WARN_OBJC_ROOT_CLASS = YES_ERROR;
				CLANG_WARN_QUOTED_INCLUDE_IN_FRAMEWORK_HEADER = YES;
				CLANG_WARN_RANGE_LOOP_ANALYSIS = YES;
				CLANG_WARN_STRICT_PROTOTYPES = YES;
				CLANG_WARN_SUSPICIOUS_MOVE = YES;
				CLANG_WARN_UNGUARDED_AVAILABILITY = YES_AGGRESSIVE;
				CLANG_WARN_UNREACHABLE_CODE = YES;
				CLANG_WARN__DUPLICATE_METHOD_MATCH = YES;
				COPY_PHASE_STRIP = NO;
				DEBUG_INFORMATION_FORMAT = dwarf;
				ENABLE_STRICT_OBJC_MSGSEND = YES;
				ENABLE_TESTABILITY = YES;
				ENABLE_USER_SCRIPT_SANDBOXING = YES;
				GCC_C_LANGUAGE_STANDARD = gnu17;
				GCC_DYNAMIC_NO_PIC = NO;
				GCC_NO_COMMON_BLOCKS = YES;
				GCC_OPTIMIZATION_LEVEL = 0;
				GCC_PREPROCESSOR_DEFINITIONS = (
					"DEBUG=1",
					"$(inherited)",
				);
				GCC_WARN_64_TO_32_BIT_CONVERSION = YES;
				GCC_WARN_ABOUT_RETURN_TYPE = YES_ERROR;
				GCC_WARN_UNDECLARED_SELECTOR = YES;
				GCC_WARN_UNINITIALIZED_AUTOS = YES_AGGRESSIVE;
				GCC_WARN_UNUSED_FUNCTION = YES;
				GCC_WARN_UNUSED_VARIABLE = YES;
				IPHONEOS_DEPLOYMENT_TARGET = 15.0;
				LOCALIZATION_PREFERS_STRING_CATALOGS = YES;
				MTL_ENABLE_DEBUG_INFO = INCLUDE_SOURCE;
				MTL_FAST_MATH = YES;
				ONLY_ACTIVE_ARCH = YES;
				SDKROOT = iphoneos;
				SWIFT_ACTIVE_COMPILATION_CONDITIONS = "DEBUG $(inherited)";
				SWIFT_OPTIMIZATION_LEVEL = "-Onone";
			};
			name = Debug;
		};
		51CF886D2BC3B8D900196E8A /* Release */ = {
			isa = XCBuildConfiguration;
			buildSettings = {
				ALWAYS_SEARCH_USER_PATHS = NO;
				ASSETCATALOG_COMPILER_GENERATE_SWIFT_ASSET_SYMBOL_EXTENSIONS = YES;
				CLANG_ANALYZER_NONNULL = YES;
				CLANG_ANALYZER_NUMBER_OBJECT_CONVERSION = YES_AGGRESSIVE;
				CLANG_CXX_LANGUAGE_STANDARD = "gnu++20";
				CLANG_ENABLE_MODULES = YES;
				CLANG_ENABLE_OBJC_ARC = YES;
				CLANG_ENABLE_OBJC_WEAK = YES;
				CLANG_WARN_BLOCK_CAPTURE_AUTORELEASING = YES;
				CLANG_WARN_BOOL_CONVERSION = YES;
				CLANG_WARN_COMMA = YES;
				CLANG_WARN_CONSTANT_CONVERSION = YES;
				CLANG_WARN_DEPRECATED_OBJC_IMPLEMENTATIONS = YES;
				CLANG_WARN_DIRECT_OBJC_ISA_USAGE = YES_ERROR;
				CLANG_WARN_DOCUMENTATION_COMMENTS = YES;
				CLANG_WARN_EMPTY_BODY = YES;
				CLANG_WARN_ENUM_CONVERSION = YES;
				CLANG_WARN_INFINITE_RECURSION = YES;
				CLANG_WARN_INT_CONVERSION = YES;
				CLANG_WARN_NON_LITERAL_NULL_CONVERSION = YES;
				CLANG_WARN_OBJC_IMPLICIT_RETAIN_SELF = YES;
				CLANG_WARN_OBJC_LITERAL_CONVERSION = YES;
				CLANG_WARN_OBJC_ROOT_CLASS = YES_ERROR;
				CLANG_WARN_QUOTED_INCLUDE_IN_FRAMEWORK_HEADER = YES;
				CLANG_WARN_RANGE_LOOP_ANALYSIS = YES;
				CLANG_WARN_STRICT_PROTOTYPES = YES;
				CLANG_WARN_SUSPICIOUS_MOVE = YES;
				CLANG_WARN_UNGUARDED_AVAILABILITY = YES_AGGRESSIVE;
				CLANG_WARN_UNREACHABLE_CODE = YES;
				CLANG_WARN__DUPLICATE_METHOD_MATCH = YES;
				COPY_PHASE_STRIP = NO;
				DEBUG_INFORMATION_FORMAT = "dwarf-with-dsym";
				ENABLE_NS_ASSERTIONS = NO;
				ENABLE_STRICT_OBJC_MSGSEND = YES;
				ENABLE_USER_SCRIPT_SANDBOXING = YES;
				GCC_C_LANGUAGE_STANDARD = gnu17;
				GCC_NO_COMMON_BLOCKS = YES;
				GCC_WARN_64_TO_32_BIT_CONVERSION = YES;
				GCC_WARN_ABOUT_RETURN_TYPE = YES_ERROR;
				GCC_WARN_UNDECLARED_SELECTOR = YES;
				GCC_WARN_UNINITIALIZED_AUTOS = YES_AGGRESSIVE;
				GCC_WARN_UNUSED_FUNCTION = YES;
				GCC_WARN_UNUSED_VARIABLE = YES;
				IPHONEOS_DEPLOYMENT_TARGET = 15.0;
				LOCALIZATION_PREFERS_STRING_CATALOGS = YES;
				MTL_ENABLE_DEBUG_INFO = NO;
				MTL_FAST_MATH = YES;
				SDKROOT = iphoneos;
				SWIFT_COMPILATION_MODE = wholemodule;
				VALIDATE_PRODUCT = YES;
			};
			name = Release;
		};
		51CF886F2BC3B8D900196E8A /* Debug */ = {
			isa = XCBuildConfiguration;
			buildSettings = {
				ASSETCATALOG_COMPILER_APPICON_NAME = AppIcon;
				ASSETCATALOG_COMPILER_GLOBAL_ACCENT_COLOR_NAME = AccentColor;
				CODE_SIGN_STYLE = Automatic;
				CURRENT_PROJECT_VERSION = 4;
				DEVELOPMENT_TEAM = 4645TSUXP2;
				GENERATE_INFOPLIST_FILE = YES;
				INFOPLIST_FILE = HappyHours/Info.plist;
				INFOPLIST_KEY_CFBundleDisplayName = "Happy Hours";
				INFOPLIST_KEY_LSApplicationCategoryType = "public.app-category.food-and-drink";
				INFOPLIST_KEY_NSCameraUsageDescription = "Allow Happy Hours to scan restaurants' QR codes.";
				INFOPLIST_KEY_NSLocationWhenInUseUsageDescription = "Allow Happy Hours to use your location and show it when you are looking for restaurants.";
				INFOPLIST_KEY_UIApplicationSupportsIndirectInputEvents = YES;
				INFOPLIST_KEY_UILaunchStoryboardName = "";
				INFOPLIST_KEY_UISupportedInterfaceOrientations = UIInterfaceOrientationPortrait;
				INFOPLIST_KEY_UISupportedInterfaceOrientations_iPad = "UIInterfaceOrientationLandscapeLeft UIInterfaceOrientationLandscapeRight UIInterfaceOrientationPortrait UIInterfaceOrientationPortraitUpsideDown";
				INFOPLIST_KEY_UIUserInterfaceStyle = Light;
				IPHONEOS_DEPLOYMENT_TARGET = 15.0;
				LD_RUNPATH_SEARCH_PATHS = (
					"$(inherited)",
					"@executable_path/Frameworks",
				);
				MARKETING_VERSION = 0.5.2;
				PRODUCT_BUNDLE_IDENTIFIER = dvrassadin.HappyHours;
				PRODUCT_NAME = "$(TARGET_NAME)";
				SUPPORTED_PLATFORMS = "iphoneos iphonesimulator";
				SUPPORTS_MACCATALYST = NO;
				SUPPORTS_MAC_DESIGNED_FOR_IPHONE_IPAD = NO;
				SUPPORTS_XR_DESIGNED_FOR_IPHONE_IPAD = NO;
				SWIFT_EMIT_LOC_STRINGS = YES;
				SWIFT_VERSION = 5.0;
				TARGETED_DEVICE_FAMILY = 1;
			};
			name = Debug;
		};
		51CF88702BC3B8D900196E8A /* Release */ = {
			isa = XCBuildConfiguration;
			buildSettings = {
				ASSETCATALOG_COMPILER_APPICON_NAME = AppIcon;
				ASSETCATALOG_COMPILER_GLOBAL_ACCENT_COLOR_NAME = AccentColor;
				CODE_SIGN_STYLE = Automatic;
				CURRENT_PROJECT_VERSION = 4;
				DEVELOPMENT_TEAM = 4645TSUXP2;
				GENERATE_INFOPLIST_FILE = YES;
				INFOPLIST_FILE = HappyHours/Info.plist;
				INFOPLIST_KEY_CFBundleDisplayName = "Happy Hours";
				INFOPLIST_KEY_LSApplicationCategoryType = "public.app-category.food-and-drink";
				INFOPLIST_KEY_NSCameraUsageDescription = "Allow Happy Hours to scan restaurants' QR codes.";
				INFOPLIST_KEY_NSLocationWhenInUseUsageDescription = "Allow Happy Hours to use your location and show it when you are looking for restaurants.";
				INFOPLIST_KEY_UIApplicationSupportsIndirectInputEvents = YES;
				INFOPLIST_KEY_UILaunchStoryboardName = "";
				INFOPLIST_KEY_UISupportedInterfaceOrientations = UIInterfaceOrientationPortrait;
				INFOPLIST_KEY_UISupportedInterfaceOrientations_iPad = "UIInterfaceOrientationLandscapeLeft UIInterfaceOrientationLandscapeRight UIInterfaceOrientationPortrait UIInterfaceOrientationPortraitUpsideDown";
				INFOPLIST_KEY_UIUserInterfaceStyle = Light;
				IPHONEOS_DEPLOYMENT_TARGET = 15.0;
				LD_RUNPATH_SEARCH_PATHS = (
					"$(inherited)",
					"@executable_path/Frameworks",
				);
				MARKETING_VERSION = 0.5.2;
				PRODUCT_BUNDLE_IDENTIFIER = dvrassadin.HappyHours;
				PRODUCT_NAME = "$(TARGET_NAME)";
				SUPPORTED_PLATFORMS = "iphoneos iphonesimulator";
				SUPPORTS_MACCATALYST = NO;
				SUPPORTS_MAC_DESIGNED_FOR_IPHONE_IPAD = NO;
				SUPPORTS_XR_DESIGNED_FOR_IPHONE_IPAD = NO;
				SWIFT_EMIT_LOC_STRINGS = YES;
				SWIFT_VERSION = 5.0;
				TARGETED_DEVICE_FAMILY = 1;
			};
			name = Release;
		};
/* End XCBuildConfiguration section */

/* Begin XCConfigurationList section */
		51CF88552BC3B8D800196E8A /* Build configuration list for PBXProject "HappyHours" */ = {
			isa = XCConfigurationList;
			buildConfigurations = (
				51CF886C2BC3B8D900196E8A /* Debug */,
				51CF886D2BC3B8D900196E8A /* Release */,
			);
			defaultConfigurationIsVisible = 0;
			defaultConfigurationName = Release;
		};
		51CF886E2BC3B8D900196E8A /* Build configuration list for PBXNativeTarget "HappyHours" */ = {
			isa = XCConfigurationList;
			buildConfigurations = (
				51CF886F2BC3B8D900196E8A /* Debug */,
				51CF88702BC3B8D900196E8A /* Release */,
			);
			defaultConfigurationIsVisible = 0;
			defaultConfigurationName = Release;
		};
/* End XCConfigurationList section */
	};
	rootObject = 51CF88522BC3B8D800196E8A /* Project object */;
}
